{
  "version": 4,
  "terraform_version": "1.15.6",
  "serial": 1,
  "lineage": "2e019e03-a188-b9eb-e7a1-57d86924705f",
  "outputs": {},
  "resources": [
    {
      "mode": "managed",
      "type": "local_file",
      "name": "phase5",
      "provider": "provider[\"registry.terraform.io/hashicorp/local\"]",
      "instances": [
        {
          "schema_version": 0,
          "attributes": {
            "content": "Inventory Management SSDD Project - Infrastructure as Code implemented using Terraform.",
            "content_base64": null,
            "content_base64sha256": "B3pz1KK53yoqR/uStr0o7Dl0p1g/BpCnCiuxKY6yeDg=",
            "content_base64sha512": "Esfk61b/0TI0AzElih3A8Ah1cAA/q7vI37pbzE8iZGgiA9WpiOT/7wi5MEiNQp4EC57PsZMA2DBSti8blwrFJg==",
            "content_md5": "439cdebfb5a0100e0ceabf43a6914b3c",
            "content_sha1": "c3f21d64547725a1b4f6363b0acc547042353cc6",
            "content_sha256": "077a73d4a2b9df2a2a47fb92b6bd28ec3974a7583f0690a70a2bb1298eb27838",
            "content_sha512": "12c7e4eb56ffd132340331258a1dc0f0087570003fabbbc8dfba5bcc4f2264682203d5a988e4ffef08b930488d429e040b9ecfb19300d83052b62f1b970ac526",
            "directory_permission": "0777",
            "file_permission": "0777",
            "filename": "phase5_output.txt",
            "id": "c3f21d64547725a1b4f6363b0acc547042353cc6",
            "sensitive_content": null,
            "source": null
          },
          "sensitive_attributes": [
            [
              {
                "type": "get_attr",
                "value": "sensitive_content"
              }
            ]
          ],
          "identity_schema_version": 0
        }
      ]
    }
  ],
  "check_results": null
}
